// !$*UTF8*$!
{
	archiveVersion = 1;
	classes = {
	};
	objectVersion = 46;
	objects = {

/* Begin PBXBuildFile section */
		E79D920E1D429AFA000518F8 /* AppDelegate.swift in Sources */ = {isa = PBXBuildFile; fileRef = E79D920D1D429AFA000518F8 /* AppDelegate.swift */; };
		E79D92101D429AFB000518F8 /* ViewController.swift in Sources */ = {isa = PBXBuildFile; fileRef = E79D920F1D429AFB000518F8 /* ViewController.swift */; };
		E79D92131D429AFB000518F8 /* Main.storyboard in Resources */ = {isa = PBXBuildFile; fileRef = E79D92111D429AFB000518F8 /* Main.storyboard */; };
		E79D92151D429AFB000518F8 /* Assets.xcassets in Resources */ = {isa = PBXBuildFile; fileRef = E79D92141D429AFB000518F8 /* Assets.xcassets */; };
		E79D92181D429AFB000518F8 /* LaunchScreen.storyboard in Resources */ = {isa = PBXBuildFile; fileRef = E79D92161D429AFB000518F8 /* LaunchScreen.storyboard */; };
		E79D92231D429B00000518F8 /* EjemploTests.swift in Sources */ = {isa = PBXBuildFile; fileRef = E79D92221D429B00000518F8 /* EjemploTests.swift */; };
		E79D922E1D429B00000518F8 /* EjemploUITests.swift in Sources */ = {isa = PBXBuildFile; fileRef = E79D922D1D429B00000518F8 /* EjemploUITests.swift */; };
/* End PBXBuildFile section */

/* Begin PBXContainerItemProxy section */
		E79D921F1D429B00000518F8 /* PBXContainerItemProxy */ = {
			isa = PBXContainerItemProxy;
			containerPortal = E79D92021D429AF0000518F8 /* Project object */;
			proxyType = 1;
			remoteGlobalIDString = E79D92091D429AF1000518F8;
			remoteInfo = Ejemplo;
		};
		E79D922A1D429B00000518F8 /* PBXContainerItemProxy */ = {
			isa = PBXContainerItemProxy;
			containerPortal = E79D92021D429AF0000518F8 /* Project object */;
			proxyType = 1;
			remoteGlobalIDString = E79D92091D429AF1000518F8;
			remoteInfo = Ejemplo;
		};
/* End PBXContainerItemProxy section */

/* Begin PBXFileReference section */
		E79D920A1D429AFA000518F8 /* Ejemplo.app */ = {isa = PBXFileReference; explicitFileType = wrapper.application; includeInIndex = 0; path = Ejemplo.app; sourceTree = BUILT_PRODUCTS_DIR; };
		E79D920D1D429AFA000518F8 /* AppDelegate.swift */ = {isa = PBXFileReference; lastKnownFileType = sourcecode.swift; path = AppDelegate.swift; sourceTree = "<group>"; };
		E79D920F1D429AFB000518F8 /* ViewController.swift */ = {isa = PBXFileReference; lastKnownFileType = sourcecode.swift; path = ViewController.swift; sourceTree = "<group>"; };
		E79D92121D429AFB000518F8 /* Base */ = {isa = PBXFileReference; lastKnownFileType = file.storyboard; name = Base; path = Base.lproj/Main.storyboard; sourceTree = "<group>"; };
		E79D92141D429AFB000518F8 /* Assets.xcassets */ = {isa = PBXFileReference; lastKnownFileType = folder.assetcatalog; path = Assets.xcassets; sourceTree = "<group>"; };
		E79D92171D429AFB000518F8 /* Base */ = {isa = PBXFileReference; lastKnownFileType = file.storyboard; name = Base; path = Base.lproj/LaunchScreen.storyboard; sourceTree = "<group>"; };
		E79D92191D429AFC000518F8 /* Info.plist */ = {isa = PBXFileReference; lastKnownFileType = text.plist.xml; path = Info.plist; sourceTree = "<group>"; };
		E79D921E1D429AFF000518F8 /* EjemploTests.xctest */ = {isa = PBXFileReference; explicitFileType = wrapper.cfbundle; includeInIndex = 0; path = EjemploTests.xctest; sourceTree = BUILT_PRODUCTS_DIR; };
		E79D92221D429B00000518F8 /* EjemploTests.swift */ = {isa = PBXFileReference; lastKnownFileType = sourcecode.swift; path = EjemploTests.swift; sourceTree = "<group>"; };
		E79D92241D429B00000518F8 /* Info.plist */ = {isa = PBXFileReference; lastKnownFileType = text.plist.xml; path = Info.plist; sourceTree = "<group>"; };
		E79D92291D429B00000518F8 /* EjemploUITests.xctest */ = {isa = PBXFileReference; explicitFileType = wrapper.cfbundle; includeInIndex = 0; path = EjemploUITests.xctest; sourceTree = BUILT_PRODUCTS_DIR; };
		E79D922D1D429B00000518F8 /* EjemploUITests.swift */ = {isa = PBXFileReference; lastKnownFileType = sourcecode.swift; path = EjemploUITests.swift; sourceTree = "<group>"; };
		E79D922F1D429B00000518F8 /* Info.plist */ = {isa = PBXFileReference; lastKnownFileType = text.plist.xml; path = Info.plist; sourceTree = "<group>"; };
/* End PBXFileReference section */

/* Begin PBXFrameworksBuildPhase section */
		E79D92071D429AF1000518F8 /* Frameworks */ = {
			isa = PBXFrameworksBuildPhase;
			buildActionMask = 2147483647;
			files = (
			);
			runOnlyForDeploymentPostprocessing = 0;
		};
		E79D921B1D429AFF000518F8 /* Frameworks */ = {
			isa = PBXFrameworksBuildPhase;
			buildActionMask = 2147483647;
			files = (
			);
			runOnlyForDeploymentPostprocessing = 0;
		};
		E79D92261D429B00000518F8 /* Frameworks */ = {
			isa = PBXFrameworksBuildPhase;
			buildActionMask = 2147483647;
			files = (
			);
			runOnlyForDeploymentPostprocessing = 0;
		};
/* End PBXFrameworksBuildPhase section */

/* Begin PBXGroup section */
		E79D92011D429AEF000518F8 = {
			isa = PBXGroup;
			children = (
				E79D920C1D429AFA000518F8 /* Ejemplo */,
				E79D92211D429B00000518F8 /* EjemploTests */,
				E79D922C1D429B00000518F8 /* EjemploUITests */,
				E79D920B1D429AFA000518F8 /* Products */,
			);
			sourceTree = "<group>";
		};
		E79D920B1D429AFA000518F8 /* Products */ = {
			isa = PBXGroup;
			children = (
				E79D920A1D429AFA000518F8 /* Ejemplo.app */,
				E79D921E1D429AFF000518F8 /* EjemploTests.xctest */,
				E79D92291D429B00000518F8 /* EjemploUITests.xctest */,
			);
			name = Products;
			sourceTree = "<group>";
		};
		E79D920C1D429AFA000518F8 /* Ejemplo */ = {
			isa = PBXGroup;
			children = (
				E79D920D1D429AFA000518F8 /* AppDelegate.swift */,
				E79D920F1D429AFB000518F8 /* ViewController.swift */,
				E79D92111D429AFB000518F8 /* Main.storyboard */,
				E79D92141D429AFB000518F8 /* Assets.xcassets */,
				E79D92161D429AFB000518F8 /* LaunchScreen.storyboard */,
				E79D92191D429AFC000518F8 /* Info.plist */,
			);
			path = Ejemplo;
			sourceTree = "<group>";
		};
		E79D92211D429B00000518F8 /* EjemploTests */ = {
			isa = PBXGroup;
			children = (
				E79D92221D429B00000518F8 /* EjemploTests.swift */,
				E79D92241D429B00000518F8 /* Info.plist */,
			);
			path = EjemploTests;
			sourceTree = "<group>";
		};
		E79D922C1D429B00000518F8 /* EjemploUITests */ = {
			isa = PBXGroup;
			children = (
				E79D922D1D429B00000518F8 /* EjemploUITests.swift */,
				E79D922F1D429B00000518F8 /* Info.plist */,
			);
			path = EjemploUITests;
			sourceTree = "<group>";
		};
/* End PBXGroup section */

/* Begin PBXNativeTarget section */
		E79D92091D429AF1000518F8 /* Ejemplo */ = {
			isa = PBXNativeTarget;
			buildConfigurationList = E79D92321D429B00000518F8 /* Build configuration list for PBXNativeTarget "Ejemplo" */;
			buildPhases = (
				E79D92061D429AF1000518F8 /* Sources */,
				E79D92071D429AF1000518F8 /* Frameworks */,
				E79D92081D429AF1000518F8 /* Resources */,
			);
			buildRules = (
			);
			dependencies = (
			);
			name = Ejemplo;
			productName = Ejemplo;
			productReference = E79D920A1D429AFA000518F8 /* Ejemplo.app */;
			productType = "com.apple.product-type.application";
		};
		E79D921D1D429AFF000518F8 /* EjemploTests */ = {
			isa = PBXNativeTarget;
			buildConfigurationList = E79D92351D429B00000518F8 /* Build configuration list for PBXNativeTarget "EjemploTests" */;
			buildPhases = (
				E79D921A1D429AFF000518F8 /* Sources */,
				E79D921B1D429AFF000518F8 /* Frameworks */,
				E79D921C1D429AFF000518F8 /* Resources */,
			);
			buildRules = (
			);
			dependencies = (
				E79D92201D429B00000518F8 /* PBXTargetDependency */,
			);
			name = EjemploTests;
			productName = EjemploTests;
			productReference = E79D921E1D429AFF000518F8 /* EjemploTests.xctest */;
			productType = "com.apple.product-type.bundle.unit-test";
		};
		E79D92281D429B00000518F8 /* EjemploUITests */ = {
			isa = PBXNativeTarget;
			buildConfigurationList = E79D92381D429B00000518F8 /* Build configuration list for PBXNativeTarget "EjemploUITests" */;
			buildPhases = (
				E79D92251D429B00000518F8 /* Sources */,
				E79D92261D429B00000518F8 /* Frameworks */,
				E79D92271D429B00000518F8 /* Resources */,
			);
			buildRules = (
			);
			dependencies = (
				E79D922B1D429B00000518F8 /* PBXTargetDependency */,
			);
			name = EjemploUITests;
			productName = EjemploUITests;
			productReference = E79D92291D429B00000518F8 /* EjemploUITests.xctest */;
			productType = "com.apple.product-type.bundle.ui-testing";
		};
/* End PBXNativeTarget section */

/* Begin PBXProject section */
		E79D92021D429AF0000518F8 /* Project object */ = {
			isa = PBXProject;
			attributes = {
				LastSwiftUpdateCheck = 0800;
				LastUpgradeCheck = 0800;
				ORGANIZATIONNAME = "Mrs. Uribe";
				TargetAttributes = {
					E79D92091D429AF1000518F8 = {
						CreatedOnToolsVersion = 8.0;
						ProvisioningStyle = Automatic;
					};
					E79D921D1D429AFF000518F8 = {
						CreatedOnToolsVersion = 8.0;
						ProvisioningStyle = Automatic;
						TestTargetID = E79D92091D429AF1000518F8;
					};
					E79D92281D429B00000518F8 = {
						CreatedOnToolsVersion = 8.0;
						ProvisioningStyle = Automatic;
						TestTargetID = E79D92091D429AF1000518F8;
					};
				};
			};
			buildConfigurationList = E79D92051D429AF0000518F8 /* Build configuration list for PBXProject "Ejemplo" */;
			compatibilityVersion = "Xcode 3.2";
			developmentRegion = English;
			hasScannedForEncodings = 0;
			knownRegions = (
				en,
				Base,
			);
			mainGroup = E79D92011D429AEF000518F8;
			productRefGroup = E79D920B1D429AFA000518F8 /* Products */;
			projectDirPath = "";
			projectRoot = "";
			targets = (
				E79D92091D429AF1000518F8 /* Ejemplo */,
				E79D921D1D429AFF000518F8 /* EjemploTests */,
				E79D92281D429B00000518F8 /* EjemploUITests */,
			);
		};
/* End PBXProject section */

/* Begin PBXResourcesBuildPhase section */
		E79D92081D429AF1000518F8 /* Resources */ = {
			isa = PBXResourcesBuildPhase;
			buildActionMask = 2147483647;
			files = (
				E79D92181D429AFB000518F8 /* LaunchScreen.storyboard in Resources */,
				E79D92151D429AFB000518F8 /* Assets.xcassets in Resources */,
				E79D92131D429AFB000518F8 /* Main.storyboard in Resources */,
			);
			runOnlyForDeploymentPostprocessing = 0;
		};
		E79D921C1D429AFF000518F8 /* Resources */ = {
			isa = PBXResourcesBuildPhase;
			buildActionMask = 2147483647;
			files = (
			);
			runOnlyForDeploymentPostprocessing = 0;
		};
		E79D92271D429B00000518F8 /* Resources */ = {
			isa = PBXResourcesBuildPhase;
			buildActionMask = 2147483647;
			files = (
			);
			runOnlyForDeploymentPostprocessing = 0;
		};
/* End PBXResourcesBuildPhase section */

/* Begin PBXSourcesBuildPhase section */
		E79D92061D429AF1000518F8 /* Sources */ = {
			isa = PBXSourcesBuildPhase;
			buildActionMask = 2147483647;
			files = (
				E79D92101D429AFB000518F8 /* ViewController.swift in Sources */,
				E79D920E1D429AFA000518F8 /* AppDelegate.swift in Sources */,
			);
			runOnlyForDeploymentPostprocessing = 0;
		};
		E79D921A1D429AFF000518F8 /* Sources */ = {
			isa = PBXSourcesBuildPhase;
			buildActionMask = 2147483647;
			files = (
				E79D92231D429B00000518F8 /* EjemploTests.swift in Sources */,
			);
			runOnlyForDeploymentPostprocessing = 0;
		};
		E79D92251D429B00000518F8 /* Sources */ = {
			isa = PBXSourcesBuildPhase;
			buildActionMask = 2147483647;
			files = (
				E79D922E1D429B00000518F8 /* EjemploUITests.swift in Sources */,
			);
			runOnlyForDeploymentPostprocessing = 0;
		};
/* End PBXSourcesBuildPhase section */

/* Begin PBXTargetDependency section */
		E79D92201D429B00000518F8 /* PBXTargetDependency */ = {
			isa = PBXTargetDependency;
			target = E79D92091D429AF1000518F8 /* Ejemplo */;
			targetProxy = E79D921F1D429B00000518F8 /* PBXContainerItemProxy */;
		};
		E79D922B1D429B00000518F8 /* PBXTargetDependency */ = {
			isa = PBXTargetDependency;
			target = E79D92091D429AF1000518F8 /* Ejemplo */;
			targetProxy = E79D922A1D429B00000518F8 /* PBXContainerItemProxy */;
		};
/* End PBXTargetDependency section */

/* Begin PBXVariantGroup section */
		E79D92111D429AFB000518F8 /* Main.storyboard */ = {
			isa = PBXVariantGroup;
			children = (
				E79D92121D429AFB000518F8 /* Base */,
			);
			name = Main.storyboard;
			sourceTree = "<group>";
		};
		E79D92161D429AFB000518F8 /* LaunchScreen.storyboard */ = {
			isa = PBXVariantGroup;
			children = (
				E79D92171D429AFB000518F8 /* Base */,
			);
			name = LaunchScreen.storyboard;
			sourceTree = "<group>";
		};
/* End PBXVariantGroup section */

/* Begin XCBuildConfiguration section */
		E79D92301D429B00000518F8 /* Debug */ = {
			isa = XCBuildConfiguration;
			buildSettings = {
				ALWAYS_SEARCH_USER_PATHS = NO;
				CLANG_ANALYZER_NONNULL = YES;
				CLANG_CXX_LANGUAGE_STANDARD = "gnu++0x";
				CLANG_CXX_LIBRARY = "libc++";
				CLANG_ENABLE_MODULES = YES;
				CLANG_ENABLE_OBJC_ARC = YES;
				CLANG_WARN_BOOL_CONVERSION = YES;
				CLANG_WARN_CONSTANT_CONVERSION = YES;
				CLANG_WARN_DIRECT_OBJC_ISA_USAGE = YES_ERROR;
				CLANG_WARN_DOCUMENTATION_COMMENTS = YES;
				CLANG_WARN_EMPTY_BODY = YES;
				CLANG_WARN_ENUM_CONVERSION = YES;
				CLANG_WARN_INT_CONVERSION = YES;
				CLANG_WARN_OBJC_ROOT_CLASS = YES_ERROR;
				CLANG_WARN_UNREACHABLE_CODE = YES;
				CLANG_WARN__DUPLICATE_METHOD_MATCH = YES;
				"CODE_SIGN_IDENTITY[sdk=iphoneos*]" = "iPhone Developer";
				COPY_PHASE_STRIP = NO;
				DEBUG_INFORMATION_FORMAT = dwarf;
				ENABLE_STRICT_OBJC_MSGSEND = YES;
				ENABLE_TESTABILITY = YES;
				GCC_C_LANGUAGE_STANDARD = gnu99;
				GCC_DYNAMIC_NO_PIC = NO;
				GCC_NO_COMMON_BLOCKS = YES;
				GCC_OPTIMIZATION_LEVEL = 0;
				GCC_PREPROCESSOR_DEFINITIONS = (
					"DEBUG=1",
					"$(inherited)",
				);
				GCC_WARN_64_TO_32_BIT_CONVERSION = YES;
				GCC_WARN_ABOUT_RETURN_TYPE = YES_ERROR;
				GCC_WARN_UNDECLARED_SELECTOR = YES;
				GCC_WARN_UNINITIALIZED_AUTOS = YES_AGGRESSIVE;
				GCC_WARN_UNUSED_FUNCTION = YES;
				GCC_WARN_UNUSED_VARIABLE = YES;
				IPHONEOS_DEPLOYMENT_TARGET = 10.0;
				MTL_ENABLE_DEBUG_INFO = YES;
				ONLY_ACTIVE_ARCH = YES;
				SDKROOT = iphoneos;
				SWIFT_ACTIVE_COMPILATION_CONDITIONS = DEBUG;
				SWIFT_OPTIMIZATION_LEVEL = "-Onone";
				TARGETED_DEVICE_FAMILY = "1,2";
			};
			name = Debug;
		};
		E79D92311D429B00000518F8 /* Release */ = {
			isa = XCBuildConfiguration;
			buildSettings = {
				ALWAYS_SEARCH_USER_PATHS = NO;
				CLANG_ANALYZER_NONNULL = YES;
				CLANG_CXX_LANGUAGE_STANDARD = "gnu++0x";
				CLANG_CXX_LIBRARY = "libc++";
				CLANG_ENABLE_MODULES = YES;
				CLANG_ENABLE_OBJC_ARC = YES;
				CLANG_WARN_BOOL_CONVERSION = YES;
				CLANG_WARN_CONSTANT_CONVERSION = YES;
				CLANG_WARN_DIRECT_OBJC_ISA_USAGE = YES_ERROR;
				CLANG_WARN_DOCUMENTATION_COMMENTS = YES;
				CLANG_WARN_EMPTY_BODY = YES;
				CLANG_WARN_ENUM_CONVERSION = YES;
				CLANG_WARN_INT_CONVERSION = YES;
				CLANG_WARN_OBJC_ROOT_CLASS = YES_ERROR;
				CLANG_WARN_UNREACHABLE_CODE = YES;
				CLANG_WARN__DUPLICATE_METHOD_MATCH = YES;
				"CODE_SIGN_IDENTITY[sdk=iphoneos*]" = "iPhone Developer";
				COPY_PHASE_STRIP = NO;
				DEBUG_INFORMATION_FORMAT = "dwarf-with-dsym";
				ENABLE_NS_ASSERTIONS = NO;
				ENABLE_STRICT_OBJC_MSGSEND = YES;
				GCC_C_LANGUAGE_STANDARD = gnu99;
				GCC_NO_COMMON_BLOCKS = YES;
				GCC_WARN_64_TO_32_BIT_CONVERSION = YES;
				GCC_WARN_ABOUT_RETURN_TYPE = YES_ERROR;
				GCC_WARN_UNDECLARED_SELECTOR = YES;
				GCC_WARN_UNINITIALIZED_AUTOS = YES_AGGRESSIVE;
				GCC_WARN_UNUSED_FUNCTION = YES;
				GCC_WARN_UNUSED_VARIABLE = YES;
				IPHONEOS_DEPLOYMENT_TARGET = 10.0;
				MTL_ENABLE_DEBUG_INFO = NO;
				SDKROOT = iphoneos;
				SWIFT_OPTIMIZATION_LEVEL = "-Owholemodule";
				TARGETED_DEVICE_FAMILY = "1,2";
				VALIDATE_PRODUCT = YES;
			};
			name = Release;
		};
		E79D92331D429B00000518F8 /* Debug */ = {
			isa = XCBuildConfiguration;
			buildSettings = {
				ASSETCATALOG_COMPILER_APPICON_NAME = AppIcon;
				INFOPLIST_FILE = Ejemplo/Info.plist;
				LD_RUNPATH_SEARCH_PATHS = "$(inherited) @executable_path/Frameworks";
				PRODUCT_BUNDLE_IDENTIFIER = com.mrsuribe.Ejemplo;
				PRODUCT_NAME = "$(TARGET_NAME)";
				SWIFT_VERSION = 3.0;
			};
			name = Debug;
		};
		E79D92341D429B00000518F8 /* Release */ = {
			isa = XCBuildConfiguration;
			buildSettings = {
				ASSETCATALOG_COMPILER_APPICON_NAME = AppIcon;
				INFOPLIST_FILE = Ejemplo/Info.plist;
				LD_RUNPATH_SEARCH_PATHS = "$(inherited) @executable_path/Frameworks";
				PRODUCT_BUNDLE_IDENTIFIER = com.mrsuribe.Ejemplo;
				PRODUCT_NAME = "$(TARGET_NAME)";
				SWIFT_VERSION = 3.0;
			};
			name = Release;
		};
		E79D92361D429B00000518F8 /* Debug */ = {
			isa = XCBuildConfiguration;
			buildSettings = {
				BUNDLE_LOADER = "$(TEST_HOST)";
				INFOPLIST_FILE = EjemploTests/Info.plist;
				LD_RUNPATH_SEARCH_PATHS = "$(inherited) @executable_path/Frameworks @loader_path/Frameworks";
				PRODUCT_BUNDLE_IDENTIFIER = com.mrsuribe.EjemploTests;
				PRODUCT_NAME = "$(TARGET_NAME)";
				SWIFT_VERSION = 3.0;
				TEST_HOST = "$(BUILT_PRODUCTS_DIR)/Ejemplo.app/Ejemplo";
			};
			name = Debug;
		};
		E79D92371D429B00000518F8 /* Release */ = {
			isa = XCBuildConfiguration;
			buildSettings = {
				BUNDLE_LOADER = "$(TEST_HOST)";
				INFOPLIST_FILE = EjemploTests/Info.plist;
				LD_RUNPATH_SEARCH_PATHS = "$(inherited) @executable_path/Frameworks @loader_path/Frameworks";
				PRODUCT_BUNDLE_IDENTIFIER = com.mrsuribe.EjemploTests;
				PRODUCT_NAME = "$(TARGET_NAME)";
				SWIFT_VERSION = 3.0;
				TEST_HOST = "$(BUILT_PRODUCTS_DIR)/Ejemplo.app/Ejemplo";
			};
			name = Release;
		};
		E79D92391D429B00000518F8 /* Debug */ = {
			isa = XCBuildConfiguration;
			buildSettings = {
				INFOPLIST_FILE = EjemploUITests/Info.plist;
				LD_RUNPATH_SEARCH_PATHS = "$(inherited) @executable_path/Frameworks @loader_path/Frameworks";
				PRODUCT_BUNDLE_IDENTIFIER = com.mrsuribe.EjemploUITests;
				PRODUCT_NAME = "$(TARGET_NAME)";
				SWIFT_VERSION = 3.0;
				TEST_TARGET_NAME = Ejemplo;
			};
			name = Debug;
		};
		E79D923A1D429B00000518F8 /* Release */ = {
			isa = XCBuildConfiguration;
			buildSettings = {
				INFOPLIST_FILE = EjemploUITests/Info.plist;
				LD_RUNPATH_SEARCH_PATHS = "$(inherited) @executable_path/Frameworks @loader_path/Frameworks";
				PRODUCT_BUNDLE_IDENTIFIER = com.mrsuribe.EjemploUITests;
				PRODUCT_NAME = "$(TARGET_NAME)";
				SWIFT_VERSION = 3.0;
				TEST_TARGET_NAME = Ejemplo;
			};
			name = Release;
		};
/* End XCBuildConfiguration section */

/* Begin XCConfigurationList section */
		E79D92051D429AF0000518F8 /* Build configuration list for PBXProject "Ejemplo" */ = {
			isa = XCConfigurationList;
			buildConfigurations = (
				E79D92301D429B00000518F8 /* Debug */,
				E79D92311D429B00000518F8 /* Release */,
			);
			defaultConfigurationIsVisible = 0;
			defaultConfigurationName = Release;
		};
		E79D92321D429B00000518F8 /* Build configuration list for PBXNativeTarget "Ejemplo" */ = {
			isa = XCConfigurationList;
			buildConfigurations = (
				E79D92331D429B00000518F8 /* Debug */,
				E79D92341D429B00000518F8 /* Release */,
			);
			defaultConfigurationIsVisible = 0;
		};
		E79D92351D429B00000518F8 /* Build configuration list for PBXNativeTarget "EjemploTests" */ = {
			isa = XCConfigurationList;
			buildConfigurations = (
				E79D92361D429B00000518F8 /* Debug */,
				E79D92371D429B00000518F8 /* Release */,
			);
			defaultConfigurationIsVisible = 0;
		};
		E79D92381D429B00000518F8 /* Build configuration list for PBXNativeTarget "EjemploUITests" */ = {
			isa = XCConfigurationList;
			buildConfigurations = (
				E79D92391D429B00000518F8 /* Debug */,
				E79D923A1D429B00000518F8 /* Release */,
			);
			defaultConfigurationIsVisible = 0;
		};
/* End XCConfigurationList section */
	};
	rootObject = E79D92021D429AF0000518F8 /* Project object */;
}
